
Microsoft Visual Studio Solution File, Format Version 12.00
# Visual Studio Version 16
VisualStudioVersion = 16.0.29102.190
MinimumVisualStudioVersion = 10.0.40219.1
Project("{FAE04EC0-301F-11D3-BF4B-00C04F79EFBC}") = "ZenkraftService", "ZenkraftService.csproj", "{99D88946-9160-4513-AD1B-316F6D9BB511}"
EndProject
Project("{FAE04EC0-301F-11D3-BF4B-00C04F79EFBC}") = "ZenkraftServiceTests", "..\ZenkraftServiceTests1\ZenkraftServiceTests.csproj", "{D51846E4-FDD1-442B-88F0-76F4200A7982}"
EndProject
Global
	GlobalSection(SolutionConfigurationPlatforms) = preSolution
		Debug|Any CPU = Debug|Any CPU
		Release|Any CPU = Release|Any CPU
	EndGlobalSection
	GlobalSection(ProjectConfigurationPlatforms) = postSolution
		{99D88946-9160-4513-AD1B-316F6D9BB511}.Debug|Any CPU.ActiveCfg = Debug|Any CPU
		{99D88946-9160-4513-AD1B-316F6D9BB511}.Debug|Any CPU.Build.0 = Debug|Any CPU
		{99D88946-9160-4513-AD1B-316F6D9BB511}.Release|Any CPU.ActiveCfg = Release|Any CPU
		{99D88946-9160-4513-AD1B-316F6D9BB511}.Release|Any CPU.Build.0 = Release|Any CPU
		{D51846E4-FDD1-442B-88F0-76F4200A7982}.Debug|Any CPU.ActiveCfg = Debug|Any CPU
		{D51846E4-FDD1-442B-88F0-76F4200A7982}.Debug|Any CPU.Build.0 = Debug|Any CPU
		{D51846E4-FDD1-442B-88F0-76F4200A7982}.Release|Any CPU.ActiveCfg = Release|Any CPU
		{D51846E4-FDD1-442B-88F0-76F4200A7982}.Release|Any CPU.Build.0 = Release|Any CPU
	EndGlobalSection
	GlobalSection(SolutionProperties) = preSolution
		HideSolutionNode = FALSE
	EndGlobalSection
	GlobalSection(ExtensibilityGlobals) = postSolution
		SolutionGuid = {388E6D26-5B4D-4D09-9D40-9141E045369B}
	EndGlobalSection
EndGlobal
